
Microsoft Visual Studio Solution File, Format Version 12.00
# Visual Studio Version 17
VisualStudioVersion = 17.1.32228.430
MinimumVisualStudioVersion = 10.0.40219.1
Project("{2150E333-8FDC-42A3-9474-1A3956D46DE8}") = "src", "src", "{A9BF328E-BF61-4F4F-882D-35AC816BCA95}"
EndProject
Project("{2150E333-8FDC-42A3-9474-1A3956D46DE8}") = "tests", "tests", "{B5C43C9F-1462-4E4F-87DA-7CF57223E7E2}"
	ProjectSection(SolutionItems) = preProject
		Fix.txt = Fix.txt
	EndProjectSection
EndProject
Project("{9A19103F-16F7-4668-BE54-9A1E7A4F7556}") = "CreditCards", "src\CreditCards\CreditCards.csproj", "{CE62F0C7-DD3D-495D-AE4C-89054D1097E5}"
EndProject
Project("{9A19103F-16F7-4668-BE54-9A1E7A4F7556}") = "CreditCards.Tests", "tests\CreditCards.Tests\CreditCards.Tests.csproj", "{243F11F0-32CA-4B1F-8F3A-E7B7EE450539}"
EndProject
Project("{9A19103F-16F7-4668-BE54-9A1E7A4F7556}") = "CreditCards.IntegrationTests", "tests\CreditCards.IntegrationTests\CreditCards.IntegrationTests.csproj", "{124BC47F-5CB5-4F2D-B563-DDA050A401C9}"
EndProject
Project("{9A19103F-16F7-4668-BE54-9A1E7A4F7556}") = "CreditCards.EndToEndTests", "tests\CreditCards.EndToEndTests\CreditCards.EndToEndTests.csproj", "{39C53397-7B4C-4FDC-B994-951570A90709}"
EndProject
Global
	GlobalSection(SolutionConfigurationPlatforms) = preSolution
		Debug|Any CPU = Debug|Any CPU
		Release|Any CPU = Release|Any CPU
	EndGlobalSection
	GlobalSection(ProjectConfigurationPlatforms) = postSolution
		{CE62F0C7-DD3D-495D-AE4C-89054D1097E5}.Debug|Any CPU.ActiveCfg = Debug|Any CPU
		{CE62F0C7-DD3D-495D-AE4C-89054D1097E5}.Debug|Any CPU.Build.0 = Debug|Any CPU
		{CE62F0C7-DD3D-495D-AE4C-89054D1097E5}.Release|Any CPU.ActiveCfg = Release|Any CPU
		{CE62F0C7-DD3D-495D-AE4C-89054D1097E5}.Release|Any CPU.Build.0 = Release|Any CPU
		{243F11F0-32CA-4B1F-8F3A-E7B7EE450539}.Debug|Any CPU.ActiveCfg = Debug|Any CPU
		{243F11F0-32CA-4B1F-8F3A-E7B7EE450539}.Debug|Any CPU.Build.0 = Debug|Any CPU
		{243F11F0-32CA-4B1F-8F3A-E7B7EE450539}.Release|Any CPU.ActiveCfg = Release|Any CPU
		{243F11F0-32CA-4B1F-8F3A-E7B7EE450539}.Release|Any CPU.Build.0 = Release|Any CPU
		{124BC47F-5CB5-4F2D-B563-DDA050A401C9}.Debug|Any CPU.ActiveCfg = Debug|Any CPU
		{124BC47F-5CB5-4F2D-B563-DDA050A401C9}.Debug|Any CPU.Build.0 = Debug|Any CPU
		{124BC47F-5CB5-4F2D-B563-DDA050A401C9}.Release|Any CPU.ActiveCfg = Release|Any CPU
		{124BC47F-5CB5-4F2D-B563-DDA050A401C9}.Release|Any CPU.Build.0 = Release|Any CPU
		{39C53397-7B4C-4FDC-B994-951570A90709}.Debug|Any CPU.ActiveCfg = Debug|Any CPU
		{39C53397-7B4C-4FDC-B994-951570A90709}.Debug|Any CPU.Build.0 = Debug|Any CPU
		{39C53397-7B4C-4FDC-B994-951570A90709}.Release|Any CPU.ActiveCfg = Release|Any CPU
		{39C53397-7B4C-4FDC-B994-951570A90709}.Release|Any CPU.Build.0 = Release|Any CPU
	EndGlobalSection
	GlobalSection(SolutionProperties) = preSolution
		HideSolutionNode = FALSE
	EndGlobalSection
	GlobalSection(NestedProjects) = preSolution
		{CE62F0C7-DD3D-495D-AE4C-89054D1097E5} = {A9BF328E-BF61-4F4F-882D-35AC816BCA95}
		{243F11F0-32CA-4B1F-8F3A-E7B7EE450539} = {B5C43C9F-1462-4E4F-87DA-7CF57223E7E2}
		{124BC47F-5CB5-4F2D-B563-DDA050A401C9} = {B5C43C9F-1462-4E4F-87DA-7CF57223E7E2}
		{39C53397-7B4C-4FDC-B994-951570A90709} = {B5C43C9F-1462-4E4F-87DA-7CF57223E7E2}
	EndGlobalSection
	GlobalSection(ExtensibilityGlobals) = postSolution
		SolutionGuid = {C953F85D-933B-4B11-AD94-418DFA185814}
	EndGlobalSection
EndGlobal
