
Microsoft Visual Studio Solution File, Format Version 12.00
# Visual Studio Version 17
VisualStudioVersion = 17.1.32228.430
MinimumVisualStudioVersion = 10.0.40219.1
Project("{9A19103F-16F7-4668-BE54-9A1E7A4F7556}") = "Exams.Common", "Exams.Common\Exams.Common.csproj", "{AD17C060-5351-453A-9BE0-D46ACAF08E70}"
EndProject
Project("{9A19103F-16F7-4668-BE54-9A1E7A4F7556}") = "AutomateThePlanet", "AutomateThePlanet\AutomateThePlanet.csproj", "{932EC96B-7227-4819-A85C-FFE9D73C2A6E}"
EndProject
Project("{9A19103F-16F7-4668-BE54-9A1E7A4F7556}") = "Flagpedia", "Flagpedia\Flagpedia.csproj", "{6F3720E3-797B-46A0-B645-89B7ACB64780}"
EndProject
Project("{9A19103F-16F7-4668-BE54-9A1E7A4F7556}") = "IpRanges", "IpRanges\IpRanges.csproj", "{5BBACCAD-13BB-42EC-A1EA-26FD7C019456}"
EndProject
Project("{9A19103F-16F7-4668-BE54-9A1E7A4F7556}") = "NetCore", "NetCore\NetCore.csproj", "{AB550AB7-6FB1-482F-9203-C462C1204AAB}"
EndProject
Global
	GlobalSection(SolutionConfigurationPlatforms) = preSolution
		Debug|Any CPU = Debug|Any CPU
		Release|Any CPU = Release|Any CPU
	EndGlobalSection
	GlobalSection(ProjectConfigurationPlatforms) = postSolution
		{AD17C060-5351-453A-9BE0-D46ACAF08E70}.Debug|Any CPU.ActiveCfg = Debug|Any CPU
		{AD17C060-5351-453A-9BE0-D46ACAF08E70}.Debug|Any CPU.Build.0 = Debug|Any CPU
		{AD17C060-5351-453A-9BE0-D46ACAF08E70}.Release|Any CPU.ActiveCfg = Release|Any CPU
		{AD17C060-5351-453A-9BE0-D46ACAF08E70}.Release|Any CPU.Build.0 = Release|Any CPU
		{932EC96B-7227-4819-A85C-FFE9D73C2A6E}.Debug|Any CPU.ActiveCfg = Debug|Any CPU
		{932EC96B-7227-4819-A85C-FFE9D73C2A6E}.Debug|Any CPU.Build.0 = Debug|Any CPU
		{932EC96B-7227-4819-A85C-FFE9D73C2A6E}.Release|Any CPU.ActiveCfg = Release|Any CPU
		{932EC96B-7227-4819-A85C-FFE9D73C2A6E}.Release|Any CPU.Build.0 = Release|Any CPU
		{6F3720E3-797B-46A0-B645-89B7ACB64780}.Debug|Any CPU.ActiveCfg = Debug|Any CPU
		{6F3720E3-797B-46A0-B645-89B7ACB64780}.Debug|Any CPU.Build.0 = Debug|Any CPU
		{6F3720E3-797B-46A0-B645-89B7ACB64780}.Release|Any CPU.ActiveCfg = Release|Any CPU
		{6F3720E3-797B-46A0-B645-89B7ACB64780}.Release|Any CPU.Build.0 = Release|Any CPU
		{5BBACCAD-13BB-42EC-A1EA-26FD7C019456}.Debug|Any CPU.ActiveCfg = Debug|Any CPU
		{5BBACCAD-13BB-42EC-A1EA-26FD7C019456}.Debug|Any CPU.Build.0 = Debug|Any CPU
		{5BBACCAD-13BB-42EC-A1EA-26FD7C019456}.Release|Any CPU.ActiveCfg = Release|Any CPU
		{5BBACCAD-13BB-42EC-A1EA-26FD7C019456}.Release|Any CPU.Build.0 = Release|Any CPU
		{AB550AB7-6FB1-482F-9203-C462C1204AAB}.Debug|Any CPU.ActiveCfg = Debug|Any CPU
		{AB550AB7-6FB1-482F-9203-C462C1204AAB}.Debug|Any CPU.Build.0 = Debug|Any CPU
		{AB550AB7-6FB1-482F-9203-C462C1204AAB}.Release|Any CPU.ActiveCfg = Release|Any CPU
		{AB550AB7-6FB1-482F-9203-C462C1204AAB}.Release|Any CPU.Build.0 = Release|Any CPU
	EndGlobalSection
	GlobalSection(SolutionProperties) = preSolution
		HideSolutionNode = FALSE
	EndGlobalSection
	GlobalSection(ExtensibilityGlobals) = postSolution
		SolutionGuid = {0B9E71F3-6747-4463-86BD-DB84522BF877}
	EndGlobalSection
EndGlobal
